
Microsoft Visual Studio Solution File, Format Version 12.00
# Visual Studio Version 16
VisualStudioVersion = 16.0.32413.511
MinimumVisualStudioVersion = 10.0.40219.1
Project("{FAE04EC0-301F-11D3-BF4B-00C04F79EFBC}") = "Github1", "Github1\Github1.csproj", "{7BC74BE3-6BEC-4C0C-82AD-472B4C03652C}"
EndProject
Global
	GlobalSection(SolutionConfigurationPlatforms) = preSolution
		Debug|Any CPU = Debug|Any CPU
		Release|Any CPU = Release|Any CPU
	EndGlobalSection
	GlobalSection(ProjectConfigurationPlatforms) = postSolution
		{7BC74BE3-6BEC-4C0C-82AD-472B4C03652C}.Debug|Any CPU.ActiveCfg = Debug|Any CPU
		{7BC74BE3-6BEC-4C0C-82AD-472B4C03652C}.Debug|Any CPU.Build.0 = Debug|Any CPU
		{7BC74BE3-6BEC-4C0C-82AD-472B4C03652C}.Release|Any CPU.ActiveCfg = Release|Any CPU
		{7BC74BE3-6BEC-4C0C-82AD-472B4C03652C}.Release|Any CPU.Build.0 = Release|Any CPU
	EndGlobalSection
	GlobalSection(SolutionProperties) = preSolution
		HideSolutionNode = FALSE
	EndGlobalSection
	GlobalSection(ExtensibilityGlobals) = postSolution
		SolutionGuid = {8DB3F6F3-D754-4609-A7FE-09CE0FBFB249}
	EndGlobalSection
EndGlobal
